
Microsoft Visual Studio Solution File, Format Version 12.00
# Visual Studio Version 17
VisualStudioVersion = 17.13.35931.197 d17.13
MinimumVisualStudioVersion = 10.0.40219.1
Project("{FAE04EC0-301F-11D3-BF4B-00C04F79EFBC}") = "itoc", "itoc\itoc.csproj", "{6D010806-6247-48C0-875F-8ED8CA4E2966}"
EndProject
Project("{FAE04EC0-301F-11D3-BF4B-00C04F79EFBC}") = "itoc.test", "itoc.test\itoc.test.csproj", "{13A77802-C1C2-CB98-0F05-128D6630FEBF}"
EndProject
Global
	GlobalSection(SolutionConfigurationPlatforms) = preSolution
		Debug|Any CPU = Debug|Any CPU
		ExportDebug|Any CPU = ExportDebug|Any CPU
		ExportRelease|Any CPU = ExportRelease|Any CPU
	EndGlobalSection
	GlobalSection(ProjectConfigurationPlatforms) = postSolution
		{6D010806-6247-48C0-875F-8ED8CA4E2966}.Debug|Any CPU.ActiveCfg = Debug|Any CPU
		{6D010806-6247-48C0-875F-8ED8CA4E2966}.Debug|Any CPU.Build.0 = Debug|Any CPU
		{6D010806-6247-48C0-875F-8ED8CA4E2966}.ExportDebug|Any CPU.ActiveCfg = ExportDebug|Any CPU
		{6D010806-6247-48C0-875F-8ED8CA4E2966}.ExportDebug|Any CPU.Build.0 = ExportDebug|Any CPU
		{6D010806-6247-48C0-875F-8ED8CA4E2966}.ExportRelease|Any CPU.ActiveCfg = ExportRelease|Any CPU
		{6D010806-6247-48C0-875F-8ED8CA4E2966}.ExportRelease|Any CPU.Build.0 = ExportRelease|Any CPU
		{13A77802-C1C2-CB98-0F05-128D6630FEBF}.Debug|Any CPU.ActiveCfg = Debug|Any CPU
		{13A77802-C1C2-CB98-0F05-128D6630FEBF}.Debug|Any CPU.Build.0 = Debug|Any CPU
		{13A77802-C1C2-CB98-0F05-128D6630FEBF}.ExportDebug|Any CPU.ActiveCfg = ExportDebug|Any CPU
		{13A77802-C1C2-CB98-0F05-128D6630FEBF}.ExportDebug|Any CPU.Build.0 = ExportDebug|Any CPU
		{13A77802-C1C2-CB98-0F05-128D6630FEBF}.ExportRelease|Any CPU.ActiveCfg = ExportRelease|Any CPU
		{13A77802-C1C2-CB98-0F05-128D6630FEBF}.ExportRelease|Any CPU.Build.0 = ExportRelease|Any CPU
	EndGlobalSection
	GlobalSection(SolutionProperties) = preSolution
		HideSolutionNode = FALSE
	EndGlobalSection
	GlobalSection(ExtensibilityGlobals) = postSolution
		SolutionGuid = {BD74C5AB-0DC2-40AF-A511-BE77C0A37CFD}
	EndGlobalSection
EndGlobal
