Microsoft Visual Studio Solution File, Format Version 12.00
# Visual Studio 2012
# For Godot export.
Project("{FAE04EC0-301F-11D3-BF4B-00C04F79EFBC}") = "itoc", "itoc.csproj", "{6D010806-6247-48C0-875F-8ED8CA4E2966}"
EndProject
Global
    GlobalSection(SolutionConfigurationPlatforms) = preSolution
    Debug|Any CPU = Debug|Any CPU
    ExportDebug|Any CPU = ExportDebug|Any CPU
    ExportRelease|Any CPU = ExportRelease|Any CPU
    EndGlobalSection
    GlobalSection(ProjectConfigurationPlatforms) = postSolution
        {6D010806-6247-48C0-875F-8ED8CA4E2966}.Debug|Any CPU.ActiveCfg = Debug|Any CPU
        {6D010806-6247-48C0-875F-8ED8CA4E2966}.Debug|Any CPU.Build.0 = Debug|Any CPU
        {6D010806-6247-48C0-875F-8ED8CA4E2966}.ExportDebug|Any CPU.ActiveCfg = ExportDebug|Any CPU
        {6D010806-6247-48C0-875F-8ED8CA4E2966}.ExportDebug|Any CPU.Build.0 = ExportDebug|Any CPU
        {6D010806-6247-48C0-875F-8ED8CA4E2966}.ExportRelease|Any CPU.ActiveCfg = ExportRelease|Any CPU
        {6D010806-6247-48C0-875F-8ED8CA4E2966}.ExportRelease|Any CPU.Build.0 = ExportRelease|Any CPU
    EndGlobalSection
EndGlobal
